
Microsoft Visual Studio Solution File, Format Version 12.00
Project("{FAE04EC0-301F-11D3-BF4B-00C04F79EFBC}") = "PageTurner", "PageTurner\PageTurner.csproj", "{1CA55A80-5260-4BC8-B90D-893F7417419B}"
EndProject
Global
	GlobalSection(SolutionConfigurationPlatforms) = preSolution
		Debug|Any CPU = Debug|Any CPU
		Release|Any CPU = Release|Any CPU
	EndGlobalSection
	GlobalSection(ProjectConfigurationPlatforms) = postSolution
		{1CA55A80-5260-4BC8-B90D-893F7417419B}.Debug|Any CPU.ActiveCfg = Debug|Any CPU
		{1CA55A80-5260-4BC8-B90D-893F7417419B}.Debug|Any CPU.Build.0 = Debug|Any CPU
		{1CA55A80-5260-4BC8-B90D-893F7417419B}.Release|Any CPU.ActiveCfg = Release|Any CPU
		{1CA55A80-5260-4BC8-B90D-893F7417419B}.Release|Any CPU.Build.0 = Release|Any CPU
	EndGlobalSection
EndGlobal
